
Microsoft Visual Studio Solution File, Format Version 12.00
# Visual Studio Version 17
VisualStudioVersion = 17.3.32819.101
MinimumVisualStudioVersion = 10.0.40219.1
Project("{FAE04EC0-301F-11D3-BF4B-00C04F79EFBC}") = "LeaveManagement.Web", "LeaveManagement.Web\LeaveManagement.Web.csproj", "{9AC886BC-D6BE-4ECE-AC10-63D299D593BE}"
EndProject
Global
	GlobalSection(SolutionConfigurationPlatforms) = preSolution
		Debug|Any CPU = Debug|Any CPU
		Release|Any CPU = Release|Any CPU
	EndGlobalSection
	GlobalSection(ProjectConfigurationPlatforms) = postSolution
		{9AC886BC-D6BE-4ECE-AC10-63D299D593BE}.Debug|Any CPU.ActiveCfg = Debug|Any CPU
		{9AC886BC-D6BE-4ECE-AC10-63D299D593BE}.Debug|Any CPU.Build.0 = Debug|Any CPU
		{9AC886BC-D6BE-4ECE-AC10-63D299D593BE}.Release|Any CPU.ActiveCfg = Release|Any CPU
		{9AC886BC-D6BE-4ECE-AC10-63D299D593BE}.Release|Any CPU.Build.0 = Release|Any CPU
	EndGlobalSection
	GlobalSection(SolutionProperties) = preSolution
		HideSolutionNode = FALSE
	EndGlobalSection
	GlobalSection(ExtensibilityGlobals) = postSolution
		SolutionGuid = {169CC464-29D8-449F-BA33-F02E9D867798}
	EndGlobalSection
EndGlobal
